
Microsoft Visual Studio Solution File, Format Version 12.00
# Visual Studio Version 16
VisualStudioVersion = 16.0.31515.178
MinimumVisualStudioVersion = 10.0.40219.1
Project("{FAE04EC0-301F-11D3-BF4B-00C04F79EFBC}") = "SubscriptionСheckerConsoleApp", "SubscriptionСheckerConsoleApp\SubscriptionСheckerConsoleApp.csproj", "{2FBF9325-CBC9-41DD-9DF3-A87895CA0F1D}"
EndProject
Global
	GlobalSection(SolutionConfigurationPlatforms) = preSolution
		Debug|Any CPU = Debug|Any CPU
		Release|Any CPU = Release|Any CPU
	EndGlobalSection
	GlobalSection(ProjectConfigurationPlatforms) = postSolution
		{2FBF9325-CBC9-41DD-9DF3-A87895CA0F1D}.Debug|Any CPU.ActiveCfg = Debug|Any CPU
		{2FBF9325-CBC9-41DD-9DF3-A87895CA0F1D}.Debug|Any CPU.Build.0 = Debug|Any CPU
		{2FBF9325-CBC9-41DD-9DF3-A87895CA0F1D}.Release|Any CPU.ActiveCfg = Release|Any CPU
		{2FBF9325-CBC9-41DD-9DF3-A87895CA0F1D}.Release|Any CPU.Build.0 = Release|Any CPU
	EndGlobalSection
	GlobalSection(SolutionProperties) = preSolution
		HideSolutionNode = FALSE
	EndGlobalSection
	GlobalSection(ExtensibilityGlobals) = postSolution
		SolutionGuid = {6B0060F4-8B06-43E1-A678-F62FA1A5D4FB}
	EndGlobalSection
EndGlobal
